
Microsoft Visual Studio Solution File, Format Version 12.00
# Visual Studio Version 17
VisualStudioVersion = 17.4.33122.133
MinimumVisualStudioVersion = 10.0.40219.1
Project("{FAE04EC0-301F-11D3-BF4B-00C04F79EFBC}") = "InventoryProgram", "InventoryProgram\InventoryProgram.csproj", "{148565D7-E426-465B-8ACD-3DC66B1A07AD}"
	ProjectSection(ProjectDependencies) = postProject
		{691EC779-8506-474E-AD8C-81878AF076E3} = {691EC779-8506-474E-AD8C-81878AF076E3}
	EndProjectSection
EndProject
Project("{FAE04EC0-301F-11D3-BF4B-00C04F79EFBC}") = "InventoryProgramClassLibrary", "InventoryProgramClassLibrary\InventoryProgramClassLibrary.csproj", "{691EC779-8506-474E-AD8C-81878AF076E3}"
EndProject
Global
	GlobalSection(SolutionConfigurationPlatforms) = preSolution
		Debug|Any CPU = Debug|Any CPU
		Release|Any CPU = Release|Any CPU
	EndGlobalSection
	GlobalSection(ProjectConfigurationPlatforms) = postSolution
		{148565D7-E426-465B-8ACD-3DC66B1A07AD}.Debug|Any CPU.ActiveCfg = Debug|Any CPU
		{148565D7-E426-465B-8ACD-3DC66B1A07AD}.Debug|Any CPU.Build.0 = Debug|Any CPU
		{148565D7-E426-465B-8ACD-3DC66B1A07AD}.Release|Any CPU.ActiveCfg = Release|Any CPU
		{148565D7-E426-465B-8ACD-3DC66B1A07AD}.Release|Any CPU.Build.0 = Release|Any CPU
		{691EC779-8506-474E-AD8C-81878AF076E3}.Debug|Any CPU.ActiveCfg = Debug|Any CPU
		{691EC779-8506-474E-AD8C-81878AF076E3}.Debug|Any CPU.Build.0 = Debug|Any CPU
		{691EC779-8506-474E-AD8C-81878AF076E3}.Release|Any CPU.ActiveCfg = Release|Any CPU
		{691EC779-8506-474E-AD8C-81878AF076E3}.Release|Any CPU.Build.0 = Release|Any CPU
	EndGlobalSection
	GlobalSection(SolutionProperties) = preSolution
		HideSolutionNode = FALSE
	EndGlobalSection
	GlobalSection(ExtensibilityGlobals) = postSolution
		SolutionGuid = {FA7F41AE-EA00-4F97-B315-CDD21922F32E}
	EndGlobalSection
EndGlobal
